
Microsoft Visual Studio Solution File, Format Version 12.00
# Visual Studio Version 17
VisualStudioVersion = 17.1.32328.378
MinimumVisualStudioVersion = 10.0.40219.1
Project("{9A19103F-16F7-4668-BE54-9A1E7A4F7556}") = "01Autocomplete", "01Autocomplete\01Autocomplete.csproj", "{CD32B4C6-B8CF-4225-BC0E-B198A402E23D}"
EndProject
Project("{9A19103F-16F7-4668-BE54-9A1E7A4F7556}") = "02FilesStorage", "02FilesStorage\02FilesStorage.csproj", "{557E7764-AB98-4014-8345-47BEDF1A8703}"
EndProject
Project("{9A19103F-16F7-4668-BE54-9A1E7A4F7556}") = "03StorageFirebase", "03StorageFirebase\03StorageFirebase.csproj", "{AEF0A7E7-F981-479E-819E-A5615355952D}"
EndProject
Project("{FAE04EC0-301F-11D3-BF4B-00C04F79EFBC}") = "04GeneradorDePDFs", "04GeneradorDePDFs\04GeneradorDePDFs.csproj", "{8F920E9E-EAD0-460A-B798-07A87D54CB77}"
EndProject
Global
	GlobalSection(SolutionConfigurationPlatforms) = preSolution
		Debug|Any CPU = Debug|Any CPU
		Release|Any CPU = Release|Any CPU
	EndGlobalSection
	GlobalSection(ProjectConfigurationPlatforms) = postSolution
		{CD32B4C6-B8CF-4225-BC0E-B198A402E23D}.Debug|Any CPU.ActiveCfg = Debug|Any CPU
		{CD32B4C6-B8CF-4225-BC0E-B198A402E23D}.Debug|Any CPU.Build.0 = Debug|Any CPU
		{CD32B4C6-B8CF-4225-BC0E-B198A402E23D}.Release|Any CPU.ActiveCfg = Release|Any CPU
		{CD32B4C6-B8CF-4225-BC0E-B198A402E23D}.Release|Any CPU.Build.0 = Release|Any CPU
		{557E7764-AB98-4014-8345-47BEDF1A8703}.Debug|Any CPU.ActiveCfg = Debug|Any CPU
		{557E7764-AB98-4014-8345-47BEDF1A8703}.Debug|Any CPU.Build.0 = Debug|Any CPU
		{557E7764-AB98-4014-8345-47BEDF1A8703}.Release|Any CPU.ActiveCfg = Release|Any CPU
		{557E7764-AB98-4014-8345-47BEDF1A8703}.Release|Any CPU.Build.0 = Release|Any CPU
		{AEF0A7E7-F981-479E-819E-A5615355952D}.Debug|Any CPU.ActiveCfg = Debug|Any CPU
		{AEF0A7E7-F981-479E-819E-A5615355952D}.Debug|Any CPU.Build.0 = Debug|Any CPU
		{AEF0A7E7-F981-479E-819E-A5615355952D}.Release|Any CPU.ActiveCfg = Release|Any CPU
		{AEF0A7E7-F981-479E-819E-A5615355952D}.Release|Any CPU.Build.0 = Release|Any CPU
		{8F920E9E-EAD0-460A-B798-07A87D54CB77}.Debug|Any CPU.ActiveCfg = Debug|Any CPU
		{8F920E9E-EAD0-460A-B798-07A87D54CB77}.Debug|Any CPU.Build.0 = Debug|Any CPU
		{8F920E9E-EAD0-460A-B798-07A87D54CB77}.Release|Any CPU.ActiveCfg = Release|Any CPU
		{8F920E9E-EAD0-460A-B798-07A87D54CB77}.Release|Any CPU.Build.0 = Release|Any CPU
	EndGlobalSection
	GlobalSection(SolutionProperties) = preSolution
		HideSolutionNode = FALSE
	EndGlobalSection
	GlobalSection(ExtensibilityGlobals) = postSolution
		SolutionGuid = {630DE4C2-BE46-4B26-ADA3-5486AA8AA4C0}
	EndGlobalSection
EndGlobal
