
Microsoft Visual Studio Solution File, Format Version 12.00
# Visual Studio Version 17
VisualStudioVersion = 17.1.32328.378
MinimumVisualStudioVersion = 10.0.40219.1
Project("{9A19103F-16F7-4668-BE54-9A1E7A4F7556}") = "01Autocomplete", "01Autocomplete\01Autocomplete.csproj", "{CD32B4C6-B8CF-4225-BC0E-B198A402E23D}"
EndProject
Project("{9A19103F-16F7-4668-BE54-9A1E7A4F7556}") = "02FilesStorage", "02FilesStorage\02FilesStorage.csproj", "{557E7764-AB98-4014-8345-47BEDF1A8703}"
EndProject
Project("{9A19103F-16F7-4668-BE54-9A1E7A4F7556}") = "03StorageFirebase", "03StorageFirebase\03StorageFirebase.csproj", "{AEF0A7E7-F981-479E-819E-A5615355952D}"
EndProject
Project("{9A19103F-16F7-4668-BE54-9A1E7A4F7556}") = "04APIToUploadDocuments", "04APIToUploadDocuments\04APIToUploadDocuments.csproj", "{90E610B4-0E30-4B45-B954-94966431D6CB}"
EndProject
Project("{9A19103F-16F7-4668-BE54-9A1E7A4F7556}") = "04APIClient", "04APIClient\04APIClient.csproj", "{B405E83A-40AA-4C4C-A17A-E3E857A27A2F}"
EndProject
Project("{9A19103F-16F7-4668-BE54-9A1E7A4F7556}") = "05-HireAndForget", "05-HireAndForget\05-HireAndForget.csproj", "{877326FA-78A9-46EA-AF4B-32C1891CC626}"
EndProject
Project("{FAE04EC0-301F-11D3-BF4B-00C04F79EFBC}") = "06RutasDinamicas", "06RutasDinamicas\06RutasDinamicas.csproj", "{396F2C6E-DBF6-487A-92F5-8C76F37AE6D3}"
EndProject
Global
	GlobalSection(SolutionConfigurationPlatforms) = preSolution
		Debug|Any CPU = Debug|Any CPU
		Release|Any CPU = Release|Any CPU
	EndGlobalSection
	GlobalSection(ProjectConfigurationPlatforms) = postSolution
		{CD32B4C6-B8CF-4225-BC0E-B198A402E23D}.Debug|Any CPU.ActiveCfg = Debug|Any CPU
		{CD32B4C6-B8CF-4225-BC0E-B198A402E23D}.Debug|Any CPU.Build.0 = Debug|Any CPU
		{CD32B4C6-B8CF-4225-BC0E-B198A402E23D}.Release|Any CPU.ActiveCfg = Release|Any CPU
		{CD32B4C6-B8CF-4225-BC0E-B198A402E23D}.Release|Any CPU.Build.0 = Release|Any CPU
		{557E7764-AB98-4014-8345-47BEDF1A8703}.Debug|Any CPU.ActiveCfg = Debug|Any CPU
		{557E7764-AB98-4014-8345-47BEDF1A8703}.Debug|Any CPU.Build.0 = Debug|Any CPU
		{557E7764-AB98-4014-8345-47BEDF1A8703}.Release|Any CPU.ActiveCfg = Release|Any CPU
		{557E7764-AB98-4014-8345-47BEDF1A8703}.Release|Any CPU.Build.0 = Release|Any CPU
		{AEF0A7E7-F981-479E-819E-A5615355952D}.Debug|Any CPU.ActiveCfg = Debug|Any CPU
		{AEF0A7E7-F981-479E-819E-A5615355952D}.Debug|Any CPU.Build.0 = Debug|Any CPU
		{AEF0A7E7-F981-479E-819E-A5615355952D}.Release|Any CPU.ActiveCfg = Release|Any CPU
		{AEF0A7E7-F981-479E-819E-A5615355952D}.Release|Any CPU.Build.0 = Release|Any CPU
		{90E610B4-0E30-4B45-B954-94966431D6CB}.Debug|Any CPU.ActiveCfg = Debug|Any CPU
		{90E610B4-0E30-4B45-B954-94966431D6CB}.Debug|Any CPU.Build.0 = Debug|Any CPU
		{90E610B4-0E30-4B45-B954-94966431D6CB}.Release|Any CPU.ActiveCfg = Release|Any CPU
		{90E610B4-0E30-4B45-B954-94966431D6CB}.Release|Any CPU.Build.0 = Release|Any CPU
		{B405E83A-40AA-4C4C-A17A-E3E857A27A2F}.Debug|Any CPU.ActiveCfg = Debug|Any CPU
		{B405E83A-40AA-4C4C-A17A-E3E857A27A2F}.Debug|Any CPU.Build.0 = Debug|Any CPU
		{B405E83A-40AA-4C4C-A17A-E3E857A27A2F}.Release|Any CPU.ActiveCfg = Release|Any CPU
		{B405E83A-40AA-4C4C-A17A-E3E857A27A2F}.Release|Any CPU.Build.0 = Release|Any CPU
		{877326FA-78A9-46EA-AF4B-32C1891CC626}.Debug|Any CPU.ActiveCfg = Debug|Any CPU
		{877326FA-78A9-46EA-AF4B-32C1891CC626}.Debug|Any CPU.Build.0 = Debug|Any CPU
		{877326FA-78A9-46EA-AF4B-32C1891CC626}.Release|Any CPU.ActiveCfg = Release|Any CPU
		{877326FA-78A9-46EA-AF4B-32C1891CC626}.Release|Any CPU.Build.0 = Release|Any CPU
		{396F2C6E-DBF6-487A-92F5-8C76F37AE6D3}.Debug|Any CPU.ActiveCfg = Debug|Any CPU
		{396F2C6E-DBF6-487A-92F5-8C76F37AE6D3}.Debug|Any CPU.Build.0 = Debug|Any CPU
		{396F2C6E-DBF6-487A-92F5-8C76F37AE6D3}.Release|Any CPU.ActiveCfg = Release|Any CPU
		{396F2C6E-DBF6-487A-92F5-8C76F37AE6D3}.Release|Any CPU.Build.0 = Release|Any CPU
	EndGlobalSection
	GlobalSection(SolutionProperties) = preSolution
		HideSolutionNode = FALSE
	EndGlobalSection
	GlobalSection(ExtensibilityGlobals) = postSolution
		SolutionGuid = {630DE4C2-BE46-4B26-ADA3-5486AA8AA4C0}
	EndGlobalSection
EndGlobal
